// !$*UTF8*$!
{
	archiveVersion = 1;
	classes = {
	};
	objectVersion = 50;
	objects = {

/* Begin PBXBuildFile section */
		082851EE255CB475005823D7 /* AppDelegate.swift in Sources */ = {isa = PBXBuildFile; fileRef = 082851ED255CB475005823D7 /* AppDelegate.swift */; };
		082851F0255CB475005823D7 /* SceneDelegate.swift in Sources */ = {isa = PBXBuildFile; fileRef = 082851EF255CB475005823D7 /* SceneDelegate.swift */; };
		082851F2255CB475005823D7 /* ViewController.swift in Sources */ = {isa = PBXBuildFile; fileRef = 082851F1255CB475005823D7 /* ViewController.swift */; };
		082851F5255CB475005823D7 /* Main.storyboard in Resources */ = {isa = PBXBuildFile; fileRef = 082851F3255CB475005823D7 /* Main.storyboard */; };
		082851F7255CB476005823D7 /* Assets.xcassets in Resources */ = {isa = PBXBuildFile; fileRef = 082851F6255CB476005823D7 /* Assets.xcassets */; };
		082851FA255CB476005823D7 /* LaunchScreen.storyboard in Resources */ = {isa = PBXBuildFile; fileRef = 082851F8255CB476005823D7 /* LaunchScreen.storyboard */; };
		08285205255CB476005823D7 /* TameshiTests.swift in Sources */ = {isa = PBXBuildFile; fileRef = 08285204255CB476005823D7 /* TameshiTests.swift */; };
		08285210255CB476005823D7 /* TameshiUITests.swift in Sources */ = {isa = PBXBuildFile; fileRef = 0828520F255CB476005823D7 /* TameshiUITests.swift */; };
/* End PBXBuildFile section */

/* Begin PBXContainerItemProxy section */
		08285201255CB476005823D7 /* PBXContainerItemProxy */ = {
			isa = PBXContainerItemProxy;
			containerPortal = 082851E2255CB475005823D7 /* Project object */;
			proxyType = 1;
			remoteGlobalIDString = 082851E9255CB475005823D7;
			remoteInfo = Tameshi;
		};
		0828520C255CB476005823D7 /* PBXContainerItemProxy */ = {
			isa = PBXContainerItemProxy;
			containerPortal = 082851E2255CB475005823D7 /* Project object */;
			proxyType = 1;
			remoteGlobalIDString = 082851E9255CB475005823D7;
			remoteInfo = Tameshi;
		};
/* End PBXContainerItemProxy section */

/* Begin PBXFileReference section */
		082851EA255CB475005823D7 /* Tameshi.app */ = {isa = PBXFileReference; explicitFileType = wrapper.application; includeInIndex = 0; path = Tameshi.app; sourceTree = BUILT_PRODUCTS_DIR; };
		082851ED255CB475005823D7 /* AppDelegate.swift */ = {isa = PBXFileReference; lastKnownFileType = sourcecode.swift; path = AppDelegate.swift; sourceTree = "<group>"; };
		082851EF255CB475005823D7 /* SceneDelegate.swift */ = {isa = PBXFileReference; lastKnownFileType = sourcecode.swift; path = SceneDelegate.swift; sourceTree = "<group>"; };
		082851F1255CB475005823D7 /* ViewController.swift */ = {isa = PBXFileReference; lastKnownFileType = sourcecode.swift; path = ViewController.swift; sourceTree = "<group>"; };
		082851F4255CB475005823D7 /* Base */ = {isa = PBXFileReference; lastKnownFileType = file.storyboard; name = Base; path = Base.lproj/Main.storyboard; sourceTree = "<group>"; };
		082851F6255CB476005823D7 /* Assets.xcassets */ = {isa = PBXFileReference; lastKnownFileType = folder.assetcatalog; path = Assets.xcassets; sourceTree = "<group>"; };
		082851F9255CB476005823D7 /* Base */ = {isa = PBXFileReference; lastKnownFileType = file.storyboard; name = Base; path = Base.lproj/LaunchScreen.storyboard; sourceTree = "<group>"; };
		082851FB255CB476005823D7 /* Info.plist */ = {isa = PBXFileReference; lastKnownFileType = text.plist.xml; path = Info.plist; sourceTree = "<group>"; };
		08285200255CB476005823D7 /* TameshiTests.xctest */ = {isa = PBXFileReference; explicitFileType = wrapper.cfbundle; includeInIndex = 0; path = TameshiTests.xctest; sourceTree = BUILT_PRODUCTS_DIR; };
		08285204255CB476005823D7 /* TameshiTests.swift */ = {isa = PBXFileReference; lastKnownFileType = sourcecode.swift; path = TameshiTests.swift; sourceTree = "<group>"; };
		08285206255CB476005823D7 /* Info.plist */ = {isa = PBXFileReference; lastKnownFileType = text.plist.xml; path = Info.plist; sourceTree = "<group>"; };
		0828520B255CB476005823D7 /* TameshiUITests.xctest */ = {isa = PBXFileReference; explicitFileType = wrapper.cfbundle; includeInIndex = 0; path = TameshiUITests.xctest; sourceTree = BUILT_PRODUCTS_DIR; };
		0828520F255CB476005823D7 /* TameshiUITests.swift */ = {isa = PBXFileReference; lastKnownFileType = sourcecode.swift; path = TameshiUITests.swift; sourceTree = "<group>"; };
		08285211255CB476005823D7 /* Info.plist */ = {isa = PBXFileReference; lastKnownFileType = text.plist.xml; path = Info.plist; sourceTree = "<group>"; };
/* End PBXFileReference section */

/* Begin PBXFrameworksBuildPhase section */
		082851E7255CB475005823D7 /* Frameworks */ = {
			isa = PBXFrameworksBuildPhase;
			buildActionMask = 2147483647;
			files = (
			);
			runOnlyForDeploymentPostprocessing = 0;
		};
		082851FD255CB476005823D7 /* Frameworks */ = {
			isa = PBXFrameworksBuildPhase;
			buildActionMask = 2147483647;
			files = (
			);
			runOnlyForDeploymentPostprocessing = 0;
		};
		08285208255CB476005823D7 /* Frameworks */ = {
			isa = PBXFrameworksBuildPhase;
			buildActionMask = 2147483647;
			files = (
			);
			runOnlyForDeploymentPostprocessing = 0;
		};
/* End PBXFrameworksBuildPhase section */

/* Begin PBXGroup section */
		082851E1255CB475005823D7 = {
			isa = PBXGroup;
			children = (
				082851EC255CB475005823D7 /* Tameshi */,
				08285203255CB476005823D7 /* TameshiTests */,
				0828520E255CB476005823D7 /* TameshiUITests */,
				082851EB255CB475005823D7 /* Products */,
			);
			sourceTree = "<group>";
		};
		082851EB255CB475005823D7 /* Products */ = {
			isa = PBXGroup;
			children = (
				082851EA255CB475005823D7 /* Tameshi.app */,
				08285200255CB476005823D7 /* TameshiTests.xctest */,
				0828520B255CB476005823D7 /* TameshiUITests.xctest */,
			);
			name = Products;
			sourceTree = "<group>";
		};
		082851EC255CB475005823D7 /* Tameshi */ = {
			isa = PBXGroup;
			children = (
				082851ED255CB475005823D7 /* AppDelegate.swift */,
				082851EF255CB475005823D7 /* SceneDelegate.swift */,
				082851F1255CB475005823D7 /* ViewController.swift */,
				082851F3255CB475005823D7 /* Main.storyboard */,
				082851F6255CB476005823D7 /* Assets.xcassets */,
				082851F8255CB476005823D7 /* LaunchScreen.storyboard */,
				082851FB255CB476005823D7 /* Info.plist */,
			);
			path = Tameshi;
			sourceTree = "<group>";
		};
		08285203255CB476005823D7 /* TameshiTests */ = {
			isa = PBXGroup;
			children = (
				08285204255CB476005823D7 /* TameshiTests.swift */,
				08285206255CB476005823D7 /* Info.plist */,
			);
			path = TameshiTests;
			sourceTree = "<group>";
		};
		0828520E255CB476005823D7 /* TameshiUITests */ = {
			isa = PBXGroup;
			children = (
				0828520F255CB476005823D7 /* TameshiUITests.swift */,
				08285211255CB476005823D7 /* Info.plist */,
			);
			path = TameshiUITests;
			sourceTree = "<group>";
		};
/* End PBXGroup section */

/* Begin PBXNativeTarget section */
		082851E9255CB475005823D7 /* Tameshi */ = {
			isa = PBXNativeTarget;
			buildConfigurationList = 08285214255CB476005823D7 /* Build configuration list for PBXNativeTarget "Tameshi" */;
			buildPhases = (
				082851E6255CB475005823D7 /* Sources */,
				082851E7255CB475005823D7 /* Frameworks */,
				082851E8255CB475005823D7 /* Resources */,
			);
			buildRules = (
			);
			dependencies = (
			);
			name = Tameshi;
			productName = Tameshi;
			productReference = 082851EA255CB475005823D7 /* Tameshi.app */;
			productType = "com.apple.product-type.application";
		};
		082851FF255CB476005823D7 /* TameshiTests */ = {
			isa = PBXNativeTarget;
			buildConfigurationList = 08285217255CB476005823D7 /* Build configuration list for PBXNativeTarget "TameshiTests" */;
			buildPhases = (
				082851FC255CB476005823D7 /* Sources */,
				082851FD255CB476005823D7 /* Frameworks */,
				082851FE255CB476005823D7 /* Resources */,
			);
			buildRules = (
			);
			dependencies = (
				08285202255CB476005823D7 /* PBXTargetDependency */,
			);
			name = TameshiTests;
			productName = TameshiTests;
			productReference = 08285200255CB476005823D7 /* TameshiTests.xctest */;
			productType = "com.apple.product-type.bundle.unit-test";
		};
		0828520A255CB476005823D7 /* TameshiUITests */ = {
			isa = PBXNativeTarget;
			buildConfigurationList = 0828521A255CB476005823D7 /* Build configuration list for PBXNativeTarget "TameshiUITests" */;
			buildPhases = (
				08285207255CB476005823D7 /* Sources */,
				08285208255CB476005823D7 /* Frameworks */,
				08285209255CB476005823D7 /* Resources */,
			);
			buildRules = (
			);
			dependencies = (
				0828520D255CB476005823D7 /* PBXTargetDependency */,
			);
			name = TameshiUITests;
			productName = TameshiUITests;
			productReference = 0828520B255CB476005823D7 /* TameshiUITests.xctest */;
			productType = "com.apple.product-type.bundle.ui-testing";
		};
/* End PBXNativeTarget section */

/* Begin PBXProject section */
		082851E2255CB475005823D7 /* Project object */ = {
			isa = PBXProject;
			attributes = {
				LastSwiftUpdateCheck = 1210;
				LastUpgradeCheck = 1210;
				TargetAttributes = {
					082851E9255CB475005823D7 = {
						CreatedOnToolsVersion = 12.1;
					};
					082851FF255CB476005823D7 = {
						CreatedOnToolsVersion = 12.1;
						TestTargetID = 082851E9255CB475005823D7;
					};
					0828520A255CB476005823D7 = {
						CreatedOnToolsVersion = 12.1;
						TestTargetID = 082851E9255CB475005823D7;
					};
				};
			};
			buildConfigurationList = 082851E5255CB475005823D7 /* Build configuration list for PBXProject "Tameshi" */;
			compatibilityVersion = "Xcode 9.3";
			developmentRegion = en;
			hasScannedForEncodings = 0;
			knownRegions = (
				en,
				Base,
			);
			mainGroup = 082851E1255CB475005823D7;
			productRefGroup = 082851EB255CB475005823D7 /* Products */;
			projectDirPath = "";
			projectRoot = "";
			targets = (
				082851E9255CB475005823D7 /* Tameshi */,
				082851FF255CB476005823D7 /* TameshiTests */,
				0828520A255CB476005823D7 /* TameshiUITests */,
			);
		};
/* End PBXProject section */

/* Begin PBXResourcesBuildPhase section */
		082851E8255CB475005823D7 /* Resources */ = {
			isa = PBXResourcesBuildPhase;
			buildActionMask = 2147483647;
			files = (
				082851FA255CB476005823D7 /* LaunchScreen.storyboard in Resources */,
				082851F7255CB476005823D7 /* Assets.xcassets in Resources */,
				082851F5255CB475005823D7 /* Main.storyboard in Resources */,
			);
			runOnlyForDeploymentPostprocessing = 0;
		};
		082851FE255CB476005823D7 /* Resources */ = {
			isa = PBXResourcesBuildPhase;
			buildActionMask = 2147483647;
			files = (
			);
			runOnlyForDeploymentPostprocessing = 0;
		};
		08285209255CB476005823D7 /* Resources */ = {
			isa = PBXResourcesBuildPhase;
			buildActionMask = 2147483647;
			files = (
			);
			runOnlyForDeploymentPostprocessing = 0;
		};
/* End PBXResourcesBuildPhase section */

/* Begin PBXSourcesBuildPhase section */
		082851E6255CB475005823D7 /* Sources */ = {
			isa = PBXSourcesBuildPhase;
			buildActionMask = 2147483647;
			files = (
				082851F2255CB475005823D7 /* ViewController.swift in Sources */,
				082851EE255CB475005823D7 /* AppDelegate.swift in Sources */,
				082851F0255CB475005823D7 /* SceneDelegate.swift in Sources */,
			);
			runOnlyForDeploymentPostprocessing = 0;
		};
		082851FC255CB476005823D7 /* Sources */ = {
			isa = PBXSourcesBuildPhase;
			buildActionMask = 2147483647;
			files = (
				08285205255CB476005823D7 /* TameshiTests.swift in Sources */,
			);
			runOnlyForDeploymentPostprocessing = 0;
		};
		08285207255CB476005823D7 /* Sources */ = {
			isa = PBXSourcesBuildPhase;
			buildActionMask = 2147483647;
			files = (
				08285210255CB476005823D7 /* TameshiUITests.swift in Sources */,
			);
			runOnlyForDeploymentPostprocessing = 0;
		};
/* End PBXSourcesBuildPhase section */

/* Begin PBXTargetDependency section */
		08285202255CB476005823D7 /* PBXTargetDependency */ = {
			isa = PBXTargetDependency;
			target = 082851E9255CB475005823D7 /* Tameshi */;
			targetProxy = 08285201255CB476005823D7 /* PBXContainerItemProxy */;
		};
		0828520D255CB476005823D7 /* PBXTargetDependency */ = {
			isa = PBXTargetDependency;
			target = 082851E9255CB475005823D7 /* Tameshi */;
			targetProxy = 0828520C255CB476005823D7 /* PBXContainerItemProxy */;
		};
/* End PBXTargetDependency section */

/* Begin PBXVariantGroup section */
		082851F3255CB475005823D7 /* Main.storyboard */ = {
			isa = PBXVariantGroup;
			children = (
				082851F4255CB475005823D7 /* Base */,
			);
			name = Main.storyboard;
			sourceTree = "<group>";
		};
		082851F8255CB476005823D7 /* LaunchScreen.storyboard */ = {
			isa = PBXVariantGroup;
			children = (
				082851F9255CB476005823D7 /* Base */,
			);
			name = LaunchScreen.storyboard;
			sourceTree = "<group>";
		};
/* End PBXVariantGroup section */

/* Begin XCBuildConfiguration section */
		08285212255CB476005823D7 /* Debug */ = {
			isa = XCBuildConfiguration;
			buildSettings = {
				ALWAYS_SEARCH_USER_PATHS = NO;
				CLANG_ANALYZER_NONNULL = YES;
				CLANG_ANALYZER_NUMBER_OBJECT_CONVERSION = YES_AGGRESSIVE;
				CLANG_CXX_LANGUAGE_STANDARD = "gnu++14";
				CLANG_CXX_LIBRARY = "libc++";
				CLANG_ENABLE_MODULES = YES;
				CLANG_ENABLE_OBJC_ARC = YES;
				CLANG_ENABLE_OBJC_WEAK = YES;
				CLANG_WARN_BLOCK_CAPTURE_AUTORELEASING = YES;
				CLANG_WARN_BOOL_CONVERSION = YES;
				CLANG_WARN_COMMA = YES;
				CLANG_WARN_CONSTANT_CONVERSION = YES;
				CLANG_WARN_DEPRECATED_OBJC_IMPLEMENTATIONS = YES;
				CLANG_WARN_DIRECT_OBJC_ISA_USAGE = YES_ERROR;
				CLANG_WARN_DOCUMENTATION_COMMENTS = YES;
				CLANG_WARN_EMPTY_BODY = YES;
				CLANG_WARN_ENUM_CONVERSION = YES;
				CLANG_WARN_INFINITE_RECURSION = YES;
				CLANG_WARN_INT_CONVERSION = YES;
				CLANG_WARN_NON_LITERAL_NULL_CONVERSION = YES;
				CLANG_WARN_OBJC_IMPLICIT_RETAIN_SELF = YES;
				CLANG_WARN_OBJC_LITERAL_CONVERSION = YES;
				CLANG_WARN_OBJC_ROOT_CLASS = YES_ERROR;
				CLANG_WARN_QUOTED_INCLUDE_IN_FRAMEWORK_HEADER = YES;
				CLANG_WARN_RANGE_LOOP_ANALYSIS = YES;
				CLANG_WARN_STRICT_PROTOTYPES = YES;
				CLANG_WARN_SUSPICIOUS_MOVE = YES;
				CLANG_WARN_UNGUARDED_AVAILABILITY = YES_AGGRESSIVE;
				CLANG_WARN_UNREACHABLE_CODE = YES;
				CLANG_WARN__DUPLICATE_METHOD_MATCH = YES;
				COPY_PHASE_STRIP = NO;
				DEBUG_INFORMATION_FORMAT = dwarf;
				ENABLE_STRICT_OBJC_MSGSEND = YES;
				ENABLE_TESTABILITY = YES;
				GCC_C_LANGUAGE_STANDARD = gnu11;
				GCC_DYNAMIC_NO_PIC = NO;
				GCC_NO_COMMON_BLOCKS = YES;
				GCC_OPTIMIZATION_LEVEL = 0;
				GCC_PREPROCESSOR_DEFINITIONS = (
					"DEBUG=1",
					"$(inherited)",
				);
				GCC_WARN_64_TO_32_BIT_CONVERSION = YES;
				GCC_WARN_ABOUT_RETURN_TYPE = YES_ERROR;
				GCC_WARN_UNDECLARED_SELECTOR = YES;
				GCC_WARN_UNINITIALIZED_AUTOS = YES_AGGRESSIVE;
				GCC_WARN_UNUSED_FUNCTION = YES;
				GCC_WARN_UNUSED_VARIABLE = YES;
				IPHONEOS_DEPLOYMENT_TARGET = 14.1;
				MTL_ENABLE_DEBUG_INFO = INCLUDE_SOURCE;
				MTL_FAST_MATH = YES;
				ONLY_ACTIVE_ARCH = YES;
				SDKROOT = iphoneos;
				SWIFT_ACTIVE_COMPILATION_CONDITIONS = DEBUG;
				SWIFT_OPTIMIZATION_LEVEL = "-Onone";
			};
			name = Debug;
		};
		08285213255CB476005823D7 /* Release */ = {
			isa = XCBuildConfiguration;
			buildSettings = {
				ALWAYS_SEARCH_USER_PATHS = NO;
				CLANG_ANALYZER_NONNULL = YES;
				CLANG_ANALYZER_NUMBER_OBJECT_CONVERSION = YES_AGGRESSIVE;
				CLANG_CXX_LANGUAGE_STANDARD = "gnu++14";
				CLANG_CXX_LIBRARY = "libc++";
				CLANG_ENABLE_MODULES = YES;
				CLANG_ENABLE_OBJC_ARC = YES;
				CLANG_ENABLE_OBJC_WEAK = YES;
				CLANG_WARN_BLOCK_CAPTURE_AUTORELEASING = YES;
				CLANG_WARN_BOOL_CONVERSION = YES;
				CLANG_WARN_COMMA = YES;
				CLANG_WARN_CONSTANT_CONVERSION = YES;
				CLANG_WARN_DEPRECATED_OBJC_IMPLEMENTATIONS = YES;
				CLANG_WARN_DIRECT_OBJC_ISA_USAGE = YES_ERROR;
				CLANG_WARN_DOCUMENTATION_COMMENTS = YES;
				CLANG_WARN_EMPTY_BODY = YES;
				CLANG_WARN_ENUM_CONVERSION = YES;
				CLANG_WARN_INFINITE_RECURSION = YES;
				CLANG_WARN_INT_CONVERSION = YES;
				CLANG_WARN_NON_LITERAL_NULL_CONVERSION = YES;
				CLANG_WARN_OBJC_IMPLICIT_RETAIN_SELF = YES;
				CLANG_WARN_OBJC_LITERAL_CONVERSION = YES;
				CLANG_WARN_OBJC_ROOT_CLASS = YES_ERROR;
				CLANG_WARN_QUOTED_INCLUDE_IN_FRAMEWORK_HEADER = YES;
				CLANG_WARN_RANGE_LOOP_ANALYSIS = YES;
				CLANG_WARN_STRICT_PROTOTYPES = YES;
				CLANG_WARN_SUSPICIOUS_MOVE = YES;
				CLANG_WARN_UNGUARDED_AVAILABILITY = YES_AGGRESSIVE;
				CLANG_WARN_UNREACHABLE_CODE = YES;
				CLANG_WARN__DUPLICATE_METHOD_MATCH = YES;
				COPY_PHASE_STRIP = NO;
				DEBUG_INFORMATION_FORMAT = "dwarf-with-dsym";
				ENABLE_NS_ASSERTIONS = NO;
				ENABLE_STRICT_OBJC_MSGSEND = YES;
				GCC_C_LANGUAGE_STANDARD = gnu11;
				GCC_NO_COMMON_BLOCKS = YES;
				GCC_WARN_64_TO_32_BIT_CONVERSION = YES;
				GCC_WARN_ABOUT_RETURN_TYPE = YES_ERROR;
				GCC_WARN_UNDECLARED_SELECTOR = YES;
				GCC_WARN_UNINITIALIZED_AUTOS = YES_AGGRESSIVE;
				GCC_WARN_UNUSED_FUNCTION = YES;
				GCC_WARN_UNUSED_VARIABLE = YES;
				IPHONEOS_DEPLOYMENT_TARGET = 14.1;
				MTL_ENABLE_DEBUG_INFO = NO;
				MTL_FAST_MATH = YES;
				SDKROOT = iphoneos;
				SWIFT_COMPILATION_MODE = wholemodule;
				SWIFT_OPTIMIZATION_LEVEL = "-O";
				VALIDATE_PRODUCT = YES;
			};
			name = Release;
		};
		08285215255CB476005823D7 /* Debug */ = {
			isa = XCBuildConfiguration;
			buildSettings = {
				ASSETCATALOG_COMPILER_APPICON_NAME = AppIcon;
				ASSETCATALOG_COMPILER_GLOBAL_ACCENT_COLOR_NAME = AccentColor;
				CODE_SIGN_STYLE = Automatic;
				DEVELOPMENT_TEAM = 453FAV4WWW;
				INFOPLIST_FILE = Tameshi/Info.plist;
				LD_RUNPATH_SEARCH_PATHS = (
					"$(inherited)",
					"@executable_path/Frameworks",
				);
				PRODUCT_BUNDLE_IDENTIFIER = "com.jocelyn-boyd.Tameshi";
				PRODUCT_NAME = "$(TARGET_NAME)";
				SWIFT_VERSION = 5.0;
				TARGETED_DEVICE_FAMILY = "1,2";
			};
			name = Debug;
		};
		08285216255CB476005823D7 /* Release */ = {
			isa = XCBuildConfiguration;
			buildSettings = {
				ASSETCATALOG_COMPILER_APPICON_NAME = AppIcon;
				ASSETCATALOG_COMPILER_GLOBAL_ACCENT_COLOR_NAME = AccentColor;
				CODE_SIGN_STYLE = Automatic;
				DEVELOPMENT_TEAM = 453FAV4WWW;
				INFOPLIST_FILE = Tameshi/Info.plist;
				LD_RUNPATH_SEARCH_PATHS = (
					"$(inherited)",
					"@executable_path/Frameworks",
				);
				PRODUCT_BUNDLE_IDENTIFIER = "com.jocelyn-boyd.Tameshi";
				PRODUCT_NAME = "$(TARGET_NAME)";
				SWIFT_VERSION = 5.0;
				TARGETED_DEVICE_FAMILY = "1,2";
			};
			name = Release;
		};
		08285218255CB476005823D7 /* Debug */ = {
			isa = XCBuildConfiguration;
			buildSettings = {
				ALWAYS_EMBED_SWIFT_STANDARD_LIBRARIES = YES;
				BUNDLE_LOADER = "$(TEST_HOST)";
				CODE_SIGN_STYLE = Automatic;
				DEVELOPMENT_TEAM = 453FAV4WWW;
				INFOPLIST_FILE = TameshiTests/Info.plist;
				IPHONEOS_DEPLOYMENT_TARGET = 14.1;
				LD_RUNPATH_SEARCH_PATHS = (
					"$(inherited)",
					"@executable_path/Frameworks",
					"@loader_path/Frameworks",
				);
				PRODUCT_BUNDLE_IDENTIFIER = "com.jocelyn-boyd.TameshiTests";
				PRODUCT_NAME = "$(TARGET_NAME)";
				SWIFT_VERSION = 5.0;
				TARGETED_DEVICE_FAMILY = "1,2";
				TEST_HOST = "$(BUILT_PRODUCTS_DIR)/Tameshi.app/Tameshi";
			};
			name = Debug;
		};
		08285219255CB476005823D7 /* Release */ = {
			isa = XCBuildConfiguration;
			buildSettings = {
				ALWAYS_EMBED_SWIFT_STANDARD_LIBRARIES = YES;
				BUNDLE_LOADER = "$(TEST_HOST)";
				CODE_SIGN_STYLE = Automatic;
				DEVELOPMENT_TEAM = 453FAV4WWW;
				INFOPLIST_FILE = TameshiTests/Info.plist;
				IPHONEOS_DEPLOYMENT_TARGET = 14.1;
				LD_RUNPATH_SEARCH_PATHS = (
					"$(inherited)",
					"@executable_path/Frameworks",
					"@loader_path/Frameworks",
				);
				PRODUCT_BUNDLE_IDENTIFIER = "com.jocelyn-boyd.TameshiTests";
				PRODUCT_NAME = "$(TARGET_NAME)";
				SWIFT_VERSION = 5.0;
				TARGETED_DEVICE_FAMILY = "1,2";
				TEST_HOST = "$(BUILT_PRODUCTS_DIR)/Tameshi.app/Tameshi";
			};
			name = Release;
		};
		0828521B255CB476005823D7 /* Debug */ = {
			isa = XCBuildConfiguration;
			buildSettings = {
				ALWAYS_EMBED_SWIFT_STANDARD_LIBRARIES = YES;
				CODE_SIGN_STYLE = Automatic;
				DEVELOPMENT_TEAM = 453FAV4WWW;
				INFOPLIST_FILE = TameshiUITests/Info.plist;
				LD_RUNPATH_SEARCH_PATHS = (
					"$(inherited)",
					"@executable_path/Frameworks",
					"@loader_path/Frameworks",
				);
				PRODUCT_BUNDLE_IDENTIFIER = "com.jocelyn-boyd.TameshiUITests";
				PRODUCT_NAME = "$(TARGET_NAME)";
				SWIFT_VERSION = 5.0;
				TARGETED_DEVICE_FAMILY = "1,2";
				TEST_TARGET_NAME = Tameshi;
			};
			name = Debug;
		};
		0828521C255CB476005823D7 /* Release */ = {
			isa = XCBuildConfiguration;
			buildSettings = {
				ALWAYS_EMBED_SWIFT_STANDARD_LIBRARIES = YES;
				CODE_SIGN_STYLE = Automatic;
				DEVELOPMENT_TEAM = 453FAV4WWW;
				INFOPLIST_FILE = TameshiUITests/Info.plist;
				LD_RUNPATH_SEARCH_PATHS = (
					"$(inherited)",
					"@executable_path/Frameworks",
					"@loader_path/Frameworks",
				);
				PRODUCT_BUNDLE_IDENTIFIER = "com.jocelyn-boyd.TameshiUITests";
				PRODUCT_NAME = "$(TARGET_NAME)";
				SWIFT_VERSION = 5.0;
				TARGETED_DEVICE_FAMILY = "1,2";
				TEST_TARGET_NAME = Tameshi;
			};
			name = Release;
		};
/* End XCBuildConfiguration section */

/* Begin XCConfigurationList section */
		082851E5255CB475005823D7 /* Build configuration list for PBXProject "Tameshi" */ = {
			isa = XCConfigurationList;
			buildConfigurations = (
				08285212255CB476005823D7 /* Debug */,
				08285213255CB476005823D7 /* Release */,
			);
			defaultConfigurationIsVisible = 0;
			defaultConfigurationName = Release;
		};
		08285214255CB476005823D7 /* Build configuration list for PBXNativeTarget "Tameshi" */ = {
			isa = XCConfigurationList;
			buildConfigurations = (
				08285215255CB476005823D7 /* Debug */,
				08285216255CB476005823D7 /* Release */,
			);
			defaultConfigurationIsVisible = 0;
			defaultConfigurationName = Release;
		};
		08285217255CB476005823D7 /* Build configuration list for PBXNativeTarget "TameshiTests" */ = {
			isa = XCConfigurationList;
			buildConfigurations = (
				08285218255CB476005823D7 /* Debug */,
				08285219255CB476005823D7 /* Release */,
			);
			defaultConfigurationIsVisible = 0;
			defaultConfigurationName = Release;
		};
		0828521A255CB476005823D7 /* Build configuration list for PBXNativeTarget "TameshiUITests" */ = {
			isa = XCConfigurationList;
			buildConfigurations = (
				0828521B255CB476005823D7 /* Debug */,
				0828521C255CB476005823D7 /* Release */,
			);
			defaultConfigurationIsVisible = 0;
			defaultConfigurationName = Release;
		};
/* End XCConfigurationList section */
	};
	rootObject = 082851E2255CB475005823D7 /* Project object */;
}
